
Microsoft Visual Studio Solution File, Format Version 11.00
# Visual Studio 2010
Project("{FAE04EC0-301F-11D3-BF4B-00C04F79EFBC}") = "SketchModeller", "SketchModeller\SketchModeller.csproj", "{E1E2423F-347F-4220-B3ED-C3ACE352544E}"
EndProject
Project("{2150E333-8FDC-42A3-9474-1A3956D46DE8}") = "Common", "Common", "{8826E804-7F43-47B9-80FD-440990EBA7D2}"
EndProject
Project("{2150E333-8FDC-42A3-9474-1A3956D46DE8}") = "Modules", "Modules", "{EF2722C0-16C9-43C8-BBA7-D0AFC17037E8}"
EndProject
Project("{FAE04EC0-301F-11D3-BF4B-00C04F79EFBC}") = "Controls", "Controls\Controls.csproj", "{986983E6-D15E-4A7D-AF14-894ACD42B5BD}"
EndProject
Project("{FAE04EC0-301F-11D3-BF4B-00C04F79EFBC}") = "Utils", "Utils\Utils.csproj", "{062A3D45-7340-484E-AA04-D2446D7D5203}"
EndProject
Project("{FAE04EC0-301F-11D3-BF4B-00C04F79EFBC}") = "SketchModeller.Infrastructure", "SketchModeller.Infrastructure\SketchModeller.Infrastructure.csproj", "{BB3DF5E2-38F3-40DC-80C6-3158C894CB59}"
EndProject
Project("{FAE04EC0-301F-11D3-BF4B-00C04F79EFBC}") = "SketchModeller.Modelling", "SketchModeller.Modelling\SketchModeller.Modelling.csproj", "{C12C25AB-5DB5-4836-8062-97194B8D469C}"
EndProject
Project("{2150E333-8FDC-42A3-9474-1A3956D46DE8}") = "libs", "libs", "{BEA0988A-A137-4997-8FB2-AB3666F4B672}"
	ProjectSection(SolutionItems) = preProject
		libs\3DTools.dll = libs\3DTools.dll
		libs\3DTools.pdb = libs\3DTools.pdb
		libs\Accord.Core.dll = libs\Accord.Core.dll
		libs\Accord.Core.pdb = libs\Accord.Core.pdb
		libs\Accord.Core.xml = libs\Accord.Core.xml
		libs\Accord.Math.dll = libs\Accord.Math.dll
		libs\Accord.Math.pdb = libs\Accord.Math.pdb
		libs\Accord.Math.XML = libs\Accord.Math.XML
		libs\AForge.dll = libs\AForge.dll
		libs\AForge.Math.dll = libs\AForge.Math.dll
		libs\AForge.Math.pdb = libs\AForge.Math.pdb
		libs\AForge.Math.xml = libs\AForge.Math.xml
		libs\AForge.pdb = libs\AForge.pdb
		libs\AForge.xml = libs\AForge.xml
		libs\AlgLib.dll = libs\AlgLib.dll
		libs\AlgLib.pdb = libs\AlgLib.pdb
		libs\ContinuousLinq.dll = libs\ContinuousLinq.dll
		libs\ContinuousLinq.pdb = libs\ContinuousLinq.pdb
		libs\ContinuousLinq.XML = libs\ContinuousLinq.XML
		libs\Petzold.Media3D.dll = libs\Petzold.Media3D.dll
	EndProjectSection
EndProject
Project("{FAE04EC0-301F-11D3-BF4B-00C04F79EFBC}") = "SketchModeller.Utilities", "SketchModeller.Utilities\SketchModeller.Utilities.csproj", "{C36039E6-7E07-46F8-BBB2-CB396DBB95BC}"
EndProject
Global
	GlobalSection(SolutionConfigurationPlatforms) = preSolution
		Debug|Any CPU = Debug|Any CPU
		Release|Any CPU = Release|Any CPU
	EndGlobalSection
	GlobalSection(ProjectConfigurationPlatforms) = postSolution
		{E1E2423F-347F-4220-B3ED-C3ACE352544E}.Debug|Any CPU.ActiveCfg = Debug|Any CPU
		{E1E2423F-347F-4220-B3ED-C3ACE352544E}.Debug|Any CPU.Build.0 = Debug|Any CPU
		{E1E2423F-347F-4220-B3ED-C3ACE352544E}.Release|Any CPU.ActiveCfg = Release|Any CPU
		{E1E2423F-347F-4220-B3ED-C3ACE352544E}.Release|Any CPU.Build.0 = Release|Any CPU
		{986983E6-D15E-4A7D-AF14-894ACD42B5BD}.Debug|Any CPU.ActiveCfg = Debug|Any CPU
		{986983E6-D15E-4A7D-AF14-894ACD42B5BD}.Debug|Any CPU.Build.0 = Debug|Any CPU
		{986983E6-D15E-4A7D-AF14-894ACD42B5BD}.Release|Any CPU.ActiveCfg = Release|Any CPU
		{986983E6-D15E-4A7D-AF14-894ACD42B5BD}.Release|Any CPU.Build.0 = Release|Any CPU
		{062A3D45-7340-484E-AA04-D2446D7D5203}.Debug|Any CPU.ActiveCfg = Debug|Any CPU
		{062A3D45-7340-484E-AA04-D2446D7D5203}.Debug|Any CPU.Build.0 = Debug|Any CPU
		{062A3D45-7340-484E-AA04-D2446D7D5203}.Release|Any CPU.ActiveCfg = Release|Any CPU
		{062A3D45-7340-484E-AA04-D2446D7D5203}.Release|Any CPU.Build.0 = Release|Any CPU
		{BB3DF5E2-38F3-40DC-80C6-3158C894CB59}.Debug|Any CPU.ActiveCfg = Debug|Any CPU
		{BB3DF5E2-38F3-40DC-80C6-3158C894CB59}.Debug|Any CPU.Build.0 = Debug|Any CPU
		{BB3DF5E2-38F3-40DC-80C6-3158C894CB59}.Release|Any CPU.ActiveCfg = Release|Any CPU
		{BB3DF5E2-38F3-40DC-80C6-3158C894CB59}.Release|Any CPU.Build.0 = Release|Any CPU
		{C12C25AB-5DB5-4836-8062-97194B8D469C}.Debug|Any CPU.ActiveCfg = Debug|Any CPU
		{C12C25AB-5DB5-4836-8062-97194B8D469C}.Debug|Any CPU.Build.0 = Debug|Any CPU
		{C12C25AB-5DB5-4836-8062-97194B8D469C}.Release|Any CPU.ActiveCfg = Release|Any CPU
		{C12C25AB-5DB5-4836-8062-97194B8D469C}.Release|Any CPU.Build.0 = Release|Any CPU
		{C36039E6-7E07-46F8-BBB2-CB396DBB95BC}.Debug|Any CPU.ActiveCfg = Debug|Any CPU
		{C36039E6-7E07-46F8-BBB2-CB396DBB95BC}.Debug|Any CPU.Build.0 = Debug|Any CPU
		{C36039E6-7E07-46F8-BBB2-CB396DBB95BC}.Release|Any CPU.ActiveCfg = Release|Any CPU
		{C36039E6-7E07-46F8-BBB2-CB396DBB95BC}.Release|Any CPU.Build.0 = Release|Any CPU
	EndGlobalSection
	GlobalSection(SolutionProperties) = preSolution
		HideSolutionNode = FALSE
	EndGlobalSection
	GlobalSection(NestedProjects) = preSolution
		{986983E6-D15E-4A7D-AF14-894ACD42B5BD} = {8826E804-7F43-47B9-80FD-440990EBA7D2}
		{062A3D45-7340-484E-AA04-D2446D7D5203} = {8826E804-7F43-47B9-80FD-440990EBA7D2}
		{BB3DF5E2-38F3-40DC-80C6-3158C894CB59} = {8826E804-7F43-47B9-80FD-440990EBA7D2}
		{C36039E6-7E07-46F8-BBB2-CB396DBB95BC} = {8826E804-7F43-47B9-80FD-440990EBA7D2}
		{C12C25AB-5DB5-4836-8062-97194B8D469C} = {EF2722C0-16C9-43C8-BBA7-D0AFC17037E8}
	EndGlobalSection
EndGlobal
