
Microsoft Visual Studio Solution File, Format Version 11.00
# Visual Studio 2010
Project("{FAE04EC0-301F-11D3-BF4B-00C04F79EFBC}") = "MultiviewCurvesToCyl", "MultiviewCurvesToCyl\MultiviewCurvesToCyl.csproj", "{B9C4D94E-CF0C-4451-938D-6807E5171361}"
EndProject
Project("{FAE04EC0-301F-11D3-BF4B-00C04F79EFBC}") = "Utils", "..\SimpleCurveEdit\Utils\Utils.csproj", "{062A3D45-7340-484E-AA04-D2446D7D5203}"
EndProject
Project("{FAE04EC0-301F-11D3-BF4B-00C04F79EFBC}") = "AutoDiff", "..\AutoDiff\AutoDiff\AutoDiff.csproj", "{62551FD3-C21F-4E16-A7FC-6A017508809C}"
EndProject
Global
	GlobalSection(SolutionConfigurationPlatforms) = preSolution
		Debug|Any CPU = Debug|Any CPU
		Debug|Mixed Platforms = Debug|Mixed Platforms
		Debug|x86 = Debug|x86
		Release|Any CPU = Release|Any CPU
		Release|Mixed Platforms = Release|Mixed Platforms
		Release|x86 = Release|x86
	EndGlobalSection
	GlobalSection(ProjectConfigurationPlatforms) = postSolution
		{B9C4D94E-CF0C-4451-938D-6807E5171361}.Debug|Any CPU.ActiveCfg = Debug|x86
		{B9C4D94E-CF0C-4451-938D-6807E5171361}.Debug|Mixed Platforms.ActiveCfg = Debug|x86
		{B9C4D94E-CF0C-4451-938D-6807E5171361}.Debug|Mixed Platforms.Build.0 = Debug|x86
		{B9C4D94E-CF0C-4451-938D-6807E5171361}.Debug|x86.ActiveCfg = Debug|x86
		{B9C4D94E-CF0C-4451-938D-6807E5171361}.Debug|x86.Build.0 = Debug|x86
		{B9C4D94E-CF0C-4451-938D-6807E5171361}.Release|Any CPU.ActiveCfg = Release|x86
		{B9C4D94E-CF0C-4451-938D-6807E5171361}.Release|Mixed Platforms.ActiveCfg = Release|x86
		{B9C4D94E-CF0C-4451-938D-6807E5171361}.Release|Mixed Platforms.Build.0 = Release|x86
		{B9C4D94E-CF0C-4451-938D-6807E5171361}.Release|x86.ActiveCfg = Release|x86
		{B9C4D94E-CF0C-4451-938D-6807E5171361}.Release|x86.Build.0 = Release|x86
		{062A3D45-7340-484E-AA04-D2446D7D5203}.Debug|Any CPU.ActiveCfg = Debug|Any CPU
		{062A3D45-7340-484E-AA04-D2446D7D5203}.Debug|Any CPU.Build.0 = Debug|Any CPU
		{062A3D45-7340-484E-AA04-D2446D7D5203}.Debug|Mixed Platforms.ActiveCfg = Debug|Any CPU
		{062A3D45-7340-484E-AA04-D2446D7D5203}.Debug|Mixed Platforms.Build.0 = Debug|Any CPU
		{062A3D45-7340-484E-AA04-D2446D7D5203}.Debug|x86.ActiveCfg = Debug|Any CPU
		{062A3D45-7340-484E-AA04-D2446D7D5203}.Release|Any CPU.ActiveCfg = Release|Any CPU
		{062A3D45-7340-484E-AA04-D2446D7D5203}.Release|Any CPU.Build.0 = Release|Any CPU
		{062A3D45-7340-484E-AA04-D2446D7D5203}.Release|Mixed Platforms.ActiveCfg = Release|Any CPU
		{062A3D45-7340-484E-AA04-D2446D7D5203}.Release|Mixed Platforms.Build.0 = Release|Any CPU
		{062A3D45-7340-484E-AA04-D2446D7D5203}.Release|x86.ActiveCfg = Release|Any CPU
		{62551FD3-C21F-4E16-A7FC-6A017508809C}.Debug|Any CPU.ActiveCfg = Debug|Any CPU
		{62551FD3-C21F-4E16-A7FC-6A017508809C}.Debug|Any CPU.Build.0 = Debug|Any CPU
		{62551FD3-C21F-4E16-A7FC-6A017508809C}.Debug|Mixed Platforms.ActiveCfg = Debug|Any CPU
		{62551FD3-C21F-4E16-A7FC-6A017508809C}.Debug|Mixed Platforms.Build.0 = Debug|Any CPU
		{62551FD3-C21F-4E16-A7FC-6A017508809C}.Debug|x86.ActiveCfg = Debug|Any CPU
		{62551FD3-C21F-4E16-A7FC-6A017508809C}.Release|Any CPU.ActiveCfg = Release|Any CPU
		{62551FD3-C21F-4E16-A7FC-6A017508809C}.Release|Any CPU.Build.0 = Release|Any CPU
		{62551FD3-C21F-4E16-A7FC-6A017508809C}.Release|Mixed Platforms.ActiveCfg = Release|Any CPU
		{62551FD3-C21F-4E16-A7FC-6A017508809C}.Release|Mixed Platforms.Build.0 = Release|Any CPU
		{62551FD3-C21F-4E16-A7FC-6A017508809C}.Release|x86.ActiveCfg = Release|Any CPU
	EndGlobalSection
	GlobalSection(SolutionProperties) = preSolution
		HideSolutionNode = FALSE
	EndGlobalSection
EndGlobal
