
Microsoft Visual Studio Solution File, Format Version 11.00
# Visual Studio 2010
Project("{FAE04EC0-301F-11D3-BF4B-00C04F79EFBC}") = "SketchToCyl", "SketchToCyl\SketchToCyl.csproj", "{976FC2D6-5DB3-4301-8E3A-B28B9B7A0732}"
EndProject
Project("{FAE04EC0-301F-11D3-BF4B-00C04F79EFBC}") = "Utils", "..\SimpleCurveEdit\Utils\Utils.csproj", "{062A3D45-7340-484E-AA04-D2446D7D5203}"
EndProject
Project("{8BC9CEB8-8B4A-11D0-8D11-00A0C91BC942}") = "MatchPoints", "MatchPoints\MatchPoints.vcxproj", "{AF1FBA1B-4987-4C4C-A783-62E4BDB008C6}"
EndProject
Project("{8BC9CEB8-8B4A-11D0-8D11-00A0C91BC942}") = "MatchPoints.Wrapper", "MatchPoints.Wrapper\MatchPoints.Wrapper.vcxproj", "{EA4EFEF0-0412-4F85-B209-F16EB046B002}"
	ProjectSection(ProjectDependencies) = postProject
		{AF1FBA1B-4987-4C4C-A783-62E4BDB008C6} = {AF1FBA1B-4987-4C4C-A783-62E4BDB008C6}
	EndProjectSection
EndProject
Project("{B5F14C34-DB22-470F-A887-3841FBC27640}") = "Artifacts", "Artifacts\Artifacts.artproj", "{89BFA257-F115-470D-B9F4-B927F34B966D}"
EndProject
Global
	GlobalSection(SolutionConfigurationPlatforms) = preSolution
		Debug|Any CPU = Debug|Any CPU
		Debug|Mixed Platforms = Debug|Mixed Platforms
		Debug|Win32 = Debug|Win32
		Debug|x86 = Debug|x86
		Release|Any CPU = Release|Any CPU
		Release|Mixed Platforms = Release|Mixed Platforms
		Release|Win32 = Release|Win32
		Release|x86 = Release|x86
	EndGlobalSection
	GlobalSection(ProjectConfigurationPlatforms) = postSolution
		{976FC2D6-5DB3-4301-8E3A-B28B9B7A0732}.Debug|Any CPU.ActiveCfg = Debug|x86
		{976FC2D6-5DB3-4301-8E3A-B28B9B7A0732}.Debug|Mixed Platforms.ActiveCfg = Debug|x86
		{976FC2D6-5DB3-4301-8E3A-B28B9B7A0732}.Debug|Mixed Platforms.Build.0 = Debug|x86
		{976FC2D6-5DB3-4301-8E3A-B28B9B7A0732}.Debug|Win32.ActiveCfg = Debug|x86
		{976FC2D6-5DB3-4301-8E3A-B28B9B7A0732}.Debug|x86.ActiveCfg = Debug|x86
		{976FC2D6-5DB3-4301-8E3A-B28B9B7A0732}.Debug|x86.Build.0 = Debug|x86
		{976FC2D6-5DB3-4301-8E3A-B28B9B7A0732}.Release|Any CPU.ActiveCfg = Release|x86
		{976FC2D6-5DB3-4301-8E3A-B28B9B7A0732}.Release|Mixed Platforms.ActiveCfg = Release|x86
		{976FC2D6-5DB3-4301-8E3A-B28B9B7A0732}.Release|Mixed Platforms.Build.0 = Release|x86
		{976FC2D6-5DB3-4301-8E3A-B28B9B7A0732}.Release|Win32.ActiveCfg = Release|x86
		{976FC2D6-5DB3-4301-8E3A-B28B9B7A0732}.Release|x86.ActiveCfg = Release|x86
		{976FC2D6-5DB3-4301-8E3A-B28B9B7A0732}.Release|x86.Build.0 = Release|x86
		{062A3D45-7340-484E-AA04-D2446D7D5203}.Debug|Any CPU.ActiveCfg = Debug|Any CPU
		{062A3D45-7340-484E-AA04-D2446D7D5203}.Debug|Any CPU.Build.0 = Debug|Any CPU
		{062A3D45-7340-484E-AA04-D2446D7D5203}.Debug|Mixed Platforms.ActiveCfg = Debug|Any CPU
		{062A3D45-7340-484E-AA04-D2446D7D5203}.Debug|Mixed Platforms.Build.0 = Debug|Any CPU
		{062A3D45-7340-484E-AA04-D2446D7D5203}.Debug|Win32.ActiveCfg = Debug|Any CPU
		{062A3D45-7340-484E-AA04-D2446D7D5203}.Debug|x86.ActiveCfg = Debug|Any CPU
		{062A3D45-7340-484E-AA04-D2446D7D5203}.Release|Any CPU.ActiveCfg = Release|Any CPU
		{062A3D45-7340-484E-AA04-D2446D7D5203}.Release|Any CPU.Build.0 = Release|Any CPU
		{062A3D45-7340-484E-AA04-D2446D7D5203}.Release|Mixed Platforms.ActiveCfg = Release|Any CPU
		{062A3D45-7340-484E-AA04-D2446D7D5203}.Release|Mixed Platforms.Build.0 = Release|Any CPU
		{062A3D45-7340-484E-AA04-D2446D7D5203}.Release|Win32.ActiveCfg = Release|Any CPU
		{062A3D45-7340-484E-AA04-D2446D7D5203}.Release|x86.ActiveCfg = Release|Any CPU
		{AF1FBA1B-4987-4C4C-A783-62E4BDB008C6}.Debug|Any CPU.ActiveCfg = Debug|Win32
		{AF1FBA1B-4987-4C4C-A783-62E4BDB008C6}.Debug|Mixed Platforms.ActiveCfg = Debug|Win32
		{AF1FBA1B-4987-4C4C-A783-62E4BDB008C6}.Debug|Mixed Platforms.Build.0 = Debug|Win32
		{AF1FBA1B-4987-4C4C-A783-62E4BDB008C6}.Debug|Win32.ActiveCfg = Debug|Win32
		{AF1FBA1B-4987-4C4C-A783-62E4BDB008C6}.Debug|Win32.Build.0 = Debug|Win32
		{AF1FBA1B-4987-4C4C-A783-62E4BDB008C6}.Debug|x86.ActiveCfg = Debug|Win32
		{AF1FBA1B-4987-4C4C-A783-62E4BDB008C6}.Release|Any CPU.ActiveCfg = Release|Win32
		{AF1FBA1B-4987-4C4C-A783-62E4BDB008C6}.Release|Mixed Platforms.ActiveCfg = Release|Win32
		{AF1FBA1B-4987-4C4C-A783-62E4BDB008C6}.Release|Mixed Platforms.Build.0 = Release|Win32
		{AF1FBA1B-4987-4C4C-A783-62E4BDB008C6}.Release|Win32.ActiveCfg = Release|Win32
		{AF1FBA1B-4987-4C4C-A783-62E4BDB008C6}.Release|Win32.Build.0 = Release|Win32
		{AF1FBA1B-4987-4C4C-A783-62E4BDB008C6}.Release|x86.ActiveCfg = Release|Win32
		{EA4EFEF0-0412-4F85-B209-F16EB046B002}.Debug|Any CPU.ActiveCfg = Debug|Win32
		{EA4EFEF0-0412-4F85-B209-F16EB046B002}.Debug|Mixed Platforms.ActiveCfg = Debug|Win32
		{EA4EFEF0-0412-4F85-B209-F16EB046B002}.Debug|Mixed Platforms.Build.0 = Debug|Win32
		{EA4EFEF0-0412-4F85-B209-F16EB046B002}.Debug|Win32.ActiveCfg = Debug|Win32
		{EA4EFEF0-0412-4F85-B209-F16EB046B002}.Debug|Win32.Build.0 = Debug|Win32
		{EA4EFEF0-0412-4F85-B209-F16EB046B002}.Debug|x86.ActiveCfg = Debug|Win32
		{EA4EFEF0-0412-4F85-B209-F16EB046B002}.Release|Any CPU.ActiveCfg = Release|Win32
		{EA4EFEF0-0412-4F85-B209-F16EB046B002}.Release|Mixed Platforms.ActiveCfg = Release|Win32
		{EA4EFEF0-0412-4F85-B209-F16EB046B002}.Release|Mixed Platforms.Build.0 = Release|Win32
		{EA4EFEF0-0412-4F85-B209-F16EB046B002}.Release|Win32.ActiveCfg = Release|Win32
		{EA4EFEF0-0412-4F85-B209-F16EB046B002}.Release|Win32.Build.0 = Release|Win32
		{EA4EFEF0-0412-4F85-B209-F16EB046B002}.Release|x86.ActiveCfg = Release|Win32
	EndGlobalSection
	GlobalSection(SolutionProperties) = preSolution
		HideSolutionNode = FALSE
	EndGlobalSection
EndGlobal
