<?xml version="1.0" encoding="utf-8"?>
<Project ToolsVersion="4.0" xmlns="http://schemas.microsoft.com/developer/msbuild/2003">
  <ItemGroup>
    <Filter Include="Source Files">
      <UniqueIdentifier>{4FC737F1-C7A5-4376-A066-2A32D752A2FF}</UniqueIdentifier>
      <Extensions>cpp;c;cc;cxx;def;odl;idl;hpj;bat;asm;asmx</Extensions>
    </Filter>
    <Filter Include="Header Files">
      <UniqueIdentifier>{93995380-89BD-4b04-88EB-625FBE52EBFB}</UniqueIdentifier>
      <Extensions>h;hpp;hxx;hm;inl;inc;xsd</Extensions>
    </Filter>
    <Filter Include="Resource Files">
      <UniqueIdentifier>{67DA6AB6-F800-4c08-8B7A-83BB121AAD01}</UniqueIdentifier>
      <Extensions>rc;ico;cur;bmp;dlg;rc2;rct;bin;rgs;gif;jpg;jpeg;jpe;resx;tiff;tif;png;wav;mfcribbon-ms</Extensions>
    </Filter>
  </ItemGroup>
  <ItemGroup>
    <ClCompile Include="caxpy.c">
      <Filter>Source Files</Filter>
    </ClCompile>
    <ClCompile Include="ccopy.c">
      <Filter>Source Files</Filter>
    </ClCompile>
    <ClCompile Include="cdotc.c">
      <Filter>Source Files</Filter>
    </ClCompile>
    <ClCompile Include="cgemv.c">
      <Filter>Source Files</Filter>
    </ClCompile>
    <ClCompile Include="cgerc.c">
      <Filter>Source Files</Filter>
    </ClCompile>
    <ClCompile Include="chemv.c">
      <Filter>Source Files</Filter>
    </ClCompile>
    <ClCompile Include="cher2.c">
      <Filter>Source Files</Filter>
    </ClCompile>
    <ClCompile Include="cscal.c">
      <Filter>Source Files</Filter>
    </ClCompile>
    <ClCompile Include="cswap.c">
      <Filter>Source Files</Filter>
    </ClCompile>
    <ClCompile Include="ctrsv.c">
      <Filter>Source Files</Filter>
    </ClCompile>
    <ClCompile Include="dasum.c">
      <Filter>Source Files</Filter>
    </ClCompile>
    <ClCompile Include="daxpy.c">
      <Filter>Source Files</Filter>
    </ClCompile>
    <ClCompile Include="dcabs1.c">
      <Filter>Source Files</Filter>
    </ClCompile>
    <ClCompile Include="dcopy.c">
      <Filter>Source Files</Filter>
    </ClCompile>
    <ClCompile Include="ddot.c">
      <Filter>Source Files</Filter>
    </ClCompile>
    <ClCompile Include="dgemv.c">
      <Filter>Source Files</Filter>
    </ClCompile>
    <ClCompile Include="dger.c">
      <Filter>Source Files</Filter>
    </ClCompile>
    <ClCompile Include="dnrm2.c">
      <Filter>Source Files</Filter>
    </ClCompile>
    <ClCompile Include="drot.c">
      <Filter>Source Files</Filter>
    </ClCompile>
    <ClCompile Include="dscal.c">
      <Filter>Source Files</Filter>
    </ClCompile>
    <ClCompile Include="dswap.c">
      <Filter>Source Files</Filter>
    </ClCompile>
    <ClCompile Include="dsymv.c">
      <Filter>Source Files</Filter>
    </ClCompile>
    <ClCompile Include="dsyr2.c">
      <Filter>Source Files</Filter>
    </ClCompile>
    <ClCompile Include="dtrsv.c">
      <Filter>Source Files</Filter>
    </ClCompile>
    <ClCompile Include="dzasum.c">
      <Filter>Source Files</Filter>
    </ClCompile>
    <ClCompile Include="dznrm2.c">
      <Filter>Source Files</Filter>
    </ClCompile>
    <ClCompile Include="icamax.c">
      <Filter>Source Files</Filter>
    </ClCompile>
    <ClCompile Include="idamax.c">
      <Filter>Source Files</Filter>
    </ClCompile>
    <ClCompile Include="isamax.c">
      <Filter>Source Files</Filter>
    </ClCompile>
    <ClCompile Include="izamax.c">
      <Filter>Source Files</Filter>
    </ClCompile>
    <ClCompile Include="sasum.c">
      <Filter>Source Files</Filter>
    </ClCompile>
    <ClCompile Include="saxpy.c">
      <Filter>Source Files</Filter>
    </ClCompile>
    <ClCompile Include="scasum.c">
      <Filter>Source Files</Filter>
    </ClCompile>
    <ClCompile Include="scnrm2.c">
      <Filter>Source Files</Filter>
    </ClCompile>
    <ClCompile Include="scopy.c">
      <Filter>Source Files</Filter>
    </ClCompile>
    <ClCompile Include="sdot.c">
      <Filter>Source Files</Filter>
    </ClCompile>
    <ClCompile Include="sgemv.c">
      <Filter>Source Files</Filter>
    </ClCompile>
    <ClCompile Include="sger.c">
      <Filter>Source Files</Filter>
    </ClCompile>
    <ClCompile Include="snrm2.c">
      <Filter>Source Files</Filter>
    </ClCompile>
    <ClCompile Include="srot.c">
      <Filter>Source Files</Filter>
    </ClCompile>
    <ClCompile Include="sscal.c">
      <Filter>Source Files</Filter>
    </ClCompile>
    <ClCompile Include="sswap.c">
      <Filter>Source Files</Filter>
    </ClCompile>
    <ClCompile Include="ssymv.c">
      <Filter>Source Files</Filter>
    </ClCompile>
    <ClCompile Include="ssyr2.c">
      <Filter>Source Files</Filter>
    </ClCompile>
    <ClCompile Include="strsv.c">
      <Filter>Source Files</Filter>
    </ClCompile>
    <ClCompile Include="zaxpy.c">
      <Filter>Source Files</Filter>
    </ClCompile>
    <ClCompile Include="zcopy.c">
      <Filter>Source Files</Filter>
    </ClCompile>
    <ClCompile Include="zdotc.c">
      <Filter>Source Files</Filter>
    </ClCompile>
    <ClCompile Include="zgemv.c">
      <Filter>Source Files</Filter>
    </ClCompile>
    <ClCompile Include="zgerc.c">
      <Filter>Source Files</Filter>
    </ClCompile>
    <ClCompile Include="zhemv.c">
      <Filter>Source Files</Filter>
    </ClCompile>
    <ClCompile Include="zher2.c">
      <Filter>Source Files</Filter>
    </ClCompile>
    <ClCompile Include="zscal.c">
      <Filter>Source Files</Filter>
    </ClCompile>
    <ClCompile Include="zswap.c">
      <Filter>Source Files</Filter>
    </ClCompile>
    <ClCompile Include="ztrsv.c">
      <Filter>Source Files</Filter>
    </ClCompile>
  </ItemGroup>
  <ItemGroup>
    <ClInclude Include="f2c.h">
      <Filter>Header Files</Filter>
    </ClInclude>
    <ClInclude Include="slu_Cnames.h">
      <Filter>Header Files</Filter>
    </ClInclude>
    <ClInclude Include="superlu_f2c.h">
      <Filter>Header Files</Filter>
    </ClInclude>
  </ItemGroup>
</Project>