
Microsoft Visual Studio Solution File, Format Version 11.00
# Visual Studio 2010
Project("{8BC9CEB8-8B4A-11D0-8D11-00A0C91BC942}") = "LBFGS", "LBFGS\LBFGS.vcxproj", "{63392A23-7E02-47C8-B972-438B88608D06}"
EndProject
Project("{FAE04EC0-301F-11D3-BF4B-00C04F79EFBC}") = "NLBFGS.Console", "NLBFGS.Console\NLBFGS.Console.csproj", "{6B61DCA9-D4E1-4E76-9035-4E050F8E8351}"
EndProject
Project("{8BC9CEB8-8B4A-11D0-8D11-00A0C91BC942}") = "NLBFGS", "NLBFGS\NLBFGS.vcxproj", "{84022D18-56EF-4572-8F5F-092AA61B41D4}"
	ProjectSection(ProjectDependencies) = postProject
		{63392A23-7E02-47C8-B972-438B88608D06} = {63392A23-7E02-47C8-B972-438B88608D06}
	EndProjectSection
EndProject
Global
	GlobalSection(SolutionConfigurationPlatforms) = preSolution
		Debug|Any CPU = Debug|Any CPU
		Debug|Mixed Platforms = Debug|Mixed Platforms
		Debug|Win32 = Debug|Win32
		Debug|x86 = Debug|x86
		Release|Any CPU = Release|Any CPU
		Release|Mixed Platforms = Release|Mixed Platforms
		Release|Win32 = Release|Win32
		Release|x86 = Release|x86
	EndGlobalSection
	GlobalSection(ProjectConfigurationPlatforms) = postSolution
		{63392A23-7E02-47C8-B972-438B88608D06}.Debug|Any CPU.ActiveCfg = Debug|Win32
		{63392A23-7E02-47C8-B972-438B88608D06}.Debug|Mixed Platforms.ActiveCfg = Debug|Win32
		{63392A23-7E02-47C8-B972-438B88608D06}.Debug|Mixed Platforms.Build.0 = Debug|Win32
		{63392A23-7E02-47C8-B972-438B88608D06}.Debug|Win32.ActiveCfg = Debug|Win32
		{63392A23-7E02-47C8-B972-438B88608D06}.Debug|Win32.Build.0 = Debug|Win32
		{63392A23-7E02-47C8-B972-438B88608D06}.Debug|x86.ActiveCfg = Debug|Win32
		{63392A23-7E02-47C8-B972-438B88608D06}.Release|Any CPU.ActiveCfg = Release|Win32
		{63392A23-7E02-47C8-B972-438B88608D06}.Release|Mixed Platforms.ActiveCfg = Release|Win32
		{63392A23-7E02-47C8-B972-438B88608D06}.Release|Mixed Platforms.Build.0 = Release|Win32
		{63392A23-7E02-47C8-B972-438B88608D06}.Release|Win32.ActiveCfg = Release|Win32
		{63392A23-7E02-47C8-B972-438B88608D06}.Release|Win32.Build.0 = Release|Win32
		{63392A23-7E02-47C8-B972-438B88608D06}.Release|x86.ActiveCfg = Release|Win32
		{6B61DCA9-D4E1-4E76-9035-4E050F8E8351}.Debug|Any CPU.ActiveCfg = Debug|x86
		{6B61DCA9-D4E1-4E76-9035-4E050F8E8351}.Debug|Mixed Platforms.ActiveCfg = Debug|x86
		{6B61DCA9-D4E1-4E76-9035-4E050F8E8351}.Debug|Mixed Platforms.Build.0 = Debug|x86
		{6B61DCA9-D4E1-4E76-9035-4E050F8E8351}.Debug|Win32.ActiveCfg = Debug|x86
		{6B61DCA9-D4E1-4E76-9035-4E050F8E8351}.Debug|x86.ActiveCfg = Debug|x86
		{6B61DCA9-D4E1-4E76-9035-4E050F8E8351}.Debug|x86.Build.0 = Debug|x86
		{6B61DCA9-D4E1-4E76-9035-4E050F8E8351}.Release|Any CPU.ActiveCfg = Release|x86
		{6B61DCA9-D4E1-4E76-9035-4E050F8E8351}.Release|Mixed Platforms.ActiveCfg = Release|x86
		{6B61DCA9-D4E1-4E76-9035-4E050F8E8351}.Release|Mixed Platforms.Build.0 = Release|x86
		{6B61DCA9-D4E1-4E76-9035-4E050F8E8351}.Release|Win32.ActiveCfg = Release|x86
		{6B61DCA9-D4E1-4E76-9035-4E050F8E8351}.Release|x86.ActiveCfg = Release|x86
		{6B61DCA9-D4E1-4E76-9035-4E050F8E8351}.Release|x86.Build.0 = Release|x86
		{84022D18-56EF-4572-8F5F-092AA61B41D4}.Debug|Any CPU.ActiveCfg = Debug|Win32
		{84022D18-56EF-4572-8F5F-092AA61B41D4}.Debug|Mixed Platforms.ActiveCfg = Debug|Win32
		{84022D18-56EF-4572-8F5F-092AA61B41D4}.Debug|Mixed Platforms.Build.0 = Debug|Win32
		{84022D18-56EF-4572-8F5F-092AA61B41D4}.Debug|Win32.ActiveCfg = Debug|Win32
		{84022D18-56EF-4572-8F5F-092AA61B41D4}.Debug|Win32.Build.0 = Debug|Win32
		{84022D18-56EF-4572-8F5F-092AA61B41D4}.Debug|x86.ActiveCfg = Debug|Win32
		{84022D18-56EF-4572-8F5F-092AA61B41D4}.Release|Any CPU.ActiveCfg = Release|Win32
		{84022D18-56EF-4572-8F5F-092AA61B41D4}.Release|Mixed Platforms.ActiveCfg = Release|Win32
		{84022D18-56EF-4572-8F5F-092AA61B41D4}.Release|Mixed Platforms.Build.0 = Release|Win32
		{84022D18-56EF-4572-8F5F-092AA61B41D4}.Release|Win32.ActiveCfg = Release|Win32
		{84022D18-56EF-4572-8F5F-092AA61B41D4}.Release|Win32.Build.0 = Release|Win32
		{84022D18-56EF-4572-8F5F-092AA61B41D4}.Release|x86.ActiveCfg = Release|Win32
	EndGlobalSection
	GlobalSection(SolutionProperties) = preSolution
		HideSolutionNode = FALSE
	EndGlobalSection
EndGlobal
